
Microsoft Visual Studio Solution File, Format Version 12.00
# Visual Studio Version 16
VisualStudioVersion = 16.0.29519.181
MinimumVisualStudioVersion = 10.0.40219.1
Project("{FAE04EC0-301F-11D3-BF4B-00C04F79EFBC}") = "Linked List", "Linked List\Linked List.csproj", "{F97642E7-83F2-4FD2-834B-3EFD91388E0F}"
EndProject
Global
	GlobalSection(SolutionConfigurationPlatforms) = preSolution
		Debug|Any CPU = Debug|Any CPU
		Release|Any CPU = Release|Any CPU
	EndGlobalSection
	GlobalSection(ProjectConfigurationPlatforms) = postSolution
		{F97642E7-83F2-4FD2-834B-3EFD91388E0F}.Debug|Any CPU.ActiveCfg = Debug|Any CPU
		{F97642E7-83F2-4FD2-834B-3EFD91388E0F}.Debug|Any CPU.Build.0 = Debug|Any CPU
		{F97642E7-83F2-4FD2-834B-3EFD91388E0F}.Release|Any CPU.ActiveCfg = Release|Any CPU
		{F97642E7-83F2-4FD2-834B-3EFD91388E0F}.Release|Any CPU.Build.0 = Release|Any CPU
	EndGlobalSection
	GlobalSection(SolutionProperties) = preSolution
		HideSolutionNode = FALSE
	EndGlobalSection
	GlobalSection(ExtensibilityGlobals) = postSolution
		SolutionGuid = {5E10735D-BC8F-457C-9F86-165C2547BC70}
	EndGlobalSection
EndGlobal
